
Microsoft Visual Studio Solution File, Format Version 12.00
# Visual Studio Version 16
VisualStudioVersion = 16.0.31019.35
MinimumVisualStudioVersion = 10.0.40219.1
Project("{8BC9CEB8-8B4A-11D0-8D11-00A0C91BC942}") = "ProblemSet2", "ProblemSet2.vcxproj", "{C8BDE92D-B724-4BA8-9ADB-0138CD027C8A}"
EndProject
Global
	GlobalSection(SolutionConfigurationPlatforms) = preSolution
		Debug|x64 = Debug|x64
		Debug|x86 = Debug|x86
		Release|x64 = Release|x64
		Release|x86 = Release|x86
	EndGlobalSection
	GlobalSection(ProjectConfigurationPlatforms) = postSolution
		{C8BDE92D-B724-4BA8-9ADB-0138CD027C8A}.Debug|x64.ActiveCfg = Debug|x64
		{C8BDE92D-B724-4BA8-9ADB-0138CD027C8A}.Debug|x64.Build.0 = Debug|x64
		{C8BDE92D-B724-4BA8-9ADB-0138CD027C8A}.Debug|x86.ActiveCfg = Debug|Win32
		{C8BDE92D-B724-4BA8-9ADB-0138CD027C8A}.Debug|x86.Build.0 = Debug|Win32
		{C8BDE92D-B724-4BA8-9ADB-0138CD027C8A}.Release|x64.ActiveCfg = Release|x64
		{C8BDE92D-B724-4BA8-9ADB-0138CD027C8A}.Release|x64.Build.0 = Release|x64
		{C8BDE92D-B724-4BA8-9ADB-0138CD027C8A}.Release|x86.ActiveCfg = Release|Win32
		{C8BDE92D-B724-4BA8-9ADB-0138CD027C8A}.Release|x86.Build.0 = Release|Win32
	EndGlobalSection
	GlobalSection(SolutionProperties) = preSolution
		HideSolutionNode = FALSE
	EndGlobalSection
	GlobalSection(ExtensibilityGlobals) = postSolution
		SolutionGuid = {83F9C096-AF10-4ADC-94C9-FF00D97025B1}
	EndGlobalSection
EndGlobal
